
Microsoft Visual Studio Solution File, Format Version 12.00
# Visual Studio Version 17
VisualStudioVersion = 17.5.33414.496
MinimumVisualStudioVersion = 10.0.40219.1
Project("{9A19103F-16F7-4668-BE54-9A1E7A4F7556}") = "ECommerce.API", "ECommerce.API.csproj", "{A68CA60E-0CE0-4B8D-87BC-59C873BCFA2F}"
EndProject
Global
	GlobalSection(SolutionConfigurationPlatforms) = preSolution
		Debug|Any CPU = Debug|Any CPU
		Release|Any CPU = Release|Any CPU
	EndGlobalSection
	GlobalSection(ProjectConfigurationPlatforms) = postSolution
		{A68CA60E-0CE0-4B8D-87BC-59C873BCFA2F}.Debug|Any CPU.ActiveCfg = Debug|Any CPU
		{A68CA60E-0CE0-4B8D-87BC-59C873BCFA2F}.Debug|Any CPU.Build.0 = Debug|Any CPU
		{A68CA60E-0CE0-4B8D-87BC-59C873BCFA2F}.Release|Any CPU.ActiveCfg = Release|Any CPU
		{A68CA60E-0CE0-4B8D-87BC-59C873BCFA2F}.Release|Any CPU.Build.0 = Release|Any CPU
	EndGlobalSection
	GlobalSection(SolutionProperties) = preSolution
		HideSolutionNode = FALSE
	EndGlobalSection
	GlobalSection(ExtensibilityGlobals) = postSolution
		SolutionGuid = {8F286D4B-60B1-4270-B4CD-C74B463E45E9}
	EndGlobalSection
EndGlobal
